// !$*UTF8*$!
{
	archiveVersion = 1;
	classes = {
	};
	objectVersion = 46;
	objects = {

/* Begin PBXBuildFile section */
		501F8A411524BDC50058809B /* UIKit.framework in Frameworks */ = {isa = PBXBuildFile; fileRef = 501F8A401524BDC50058809B /* UIKit.framework */; };
		501F8A431524BDC50058809B /* Foundation.framework in Frameworks */ = {isa = PBXBuildFile; fileRef = 501F8A421524BDC50058809B /* Foundation.framework */; };
		501F8A451524BDC50058809B /* CoreGraphics.framework in Frameworks */ = {isa = PBXBuildFile; fileRef = 501F8A441524BDC50058809B /* CoreGraphics.framework */; };
		501F8A4B1524BDC50058809B /* InfoPlist.strings in Resources */ = {isa = PBXBuildFile; fileRef = 501F8A491524BDC50058809B /* InfoPlist.strings */; };
		501F8A4D1524BDC50058809B /* main.m in Sources */ = {isa = PBXBuildFile; fileRef = 501F8A4C1524BDC50058809B /* main.m */; };
		501F8A511524BDC50058809B /* ADAppDelegate.m in Sources */ = {isa = PBXBuildFile; fileRef = 501F8A501524BDC50058809B /* ADAppDelegate.m */; };
/* End PBXBuildFile section */

/* Begin PBXFileReference section */
		501F8A3C1524BDC50058809B /* DTCoreTextExperiments.app */ = {isa = PBXFileReference; explicitFileType = wrapper.application; includeInIndex = 0; path = DTCoreTextExperiments.app; sourceTree = BUILT_PRODUCTS_DIR; };
		501F8A401524BDC50058809B /* UIKit.framework */ = {isa = PBXFileReference; lastKnownFileType = wrapper.framework; name = UIKit.framework; path = System/Library/Frameworks/UIKit.framework; sourceTree = SDKROOT; };
		501F8A421524BDC50058809B /* Foundation.framework */ = {isa = PBXFileReference; lastKnownFileType = wrapper.framework; name = Foundation.framework; path = System/Library/Frameworks/Foundation.framework; sourceTree = SDKROOT; };
		501F8A441524BDC50058809B /* CoreGraphics.framework */ = {isa = PBXFileReference; lastKnownFileType = wrapper.framework; name = CoreGraphics.framework; path = System/Library/Frameworks/CoreGraphics.framework; sourceTree = SDKROOT; };
		501F8A481524BDC50058809B /* DTCoreTextExperiments-Info.plist */ = {isa = PBXFileReference; lastKnownFileType = text.plist.xml; path = "DTCoreTextExperiments-Info.plist"; sourceTree = "<group>"; };
		501F8A4A1524BDC50058809B /* en */ = {isa = PBXFileReference; lastKnownFileType = text.plist.strings; name = en; path = en.lproj/InfoPlist.strings; sourceTree = "<group>"; };
		501F8A4C1524BDC50058809B /* main.m */ = {isa = PBXFileReference; lastKnownFileType = sourcecode.c.objc; path = main.m; sourceTree = "<group>"; };
		501F8A4E1524BDC50058809B /* DTCoreTextExperiments-Prefix.pch */ = {isa = PBXFileReference; lastKnownFileType = sourcecode.c.h; path = "DTCoreTextExperiments-Prefix.pch"; sourceTree = "<group>"; };
		501F8A4F1524BDC50058809B /* ADAppDelegate.h */ = {isa = PBXFileReference; lastKnownFileType = sourcecode.c.h; path = ADAppDelegate.h; sourceTree = "<group>"; };
		501F8A501524BDC50058809B /* ADAppDelegate.m */ = {isa = PBXFileReference; lastKnownFileType = sourcecode.c.objc; path = ADAppDelegate.m; sourceTree = "<group>"; };
/* End PBXFileReference section */

/* Begin PBXFrameworksBuildPhase section */
		501F8A391524BDC50058809B /* Frameworks */ = {
			isa = PBXFrameworksBuildPhase;
			buildActionMask = 2147483647;
			files = (
				501F8A411524BDC50058809B /* UIKit.framework in Frameworks */,
				501F8A431524BDC50058809B /* Foundation.framework in Frameworks */,
				501F8A451524BDC50058809B /* CoreGraphics.framework in Frameworks */,
			);
			runOnlyForDeploymentPostprocessing = 0;
		};
/* End PBXFrameworksBuildPhase section */

/* Begin PBXGroup section */
		501F8A311524BDC50058809B = {
			isa = PBXGroup;
			children = (
				501F8A461524BDC50058809B /* DTCoreTextExperiments */,
				501F8A3F1524BDC50058809B /* Frameworks */,
				501F8A3D1524BDC50058809B /* Products */,
			);
			sourceTree = "<group>";
		};
		501F8A3D1524BDC50058809B /* Products */ = {
			isa = PBXGroup;
			children = (
				501F8A3C1524BDC50058809B /* DTCoreTextExperiments.app */,
			);
			name = Products;
			sourceTree = "<group>";
		};
		501F8A3F1524BDC50058809B /* Frameworks */ = {
			isa = PBXGroup;
			children = (
				501F8A401524BDC50058809B /* UIKit.framework */,
				501F8A421524BDC50058809B /* Foundation.framework */,
				501F8A441524BDC50058809B /* CoreGraphics.framework */,
			);
			name = Frameworks;
			sourceTree = "<group>";
		};
		501F8A461524BDC50058809B /* DTCoreTextExperiments */ = {
			isa = PBXGroup;
			children = (
				501F8A4F1524BDC50058809B /* ADAppDelegate.h */,
				501F8A501524BDC50058809B /* ADAppDelegate.m */,
				501F8A471524BDC50058809B /* Supporting Files */,
			);
			path = DTCoreTextExperiments;
			sourceTree = "<group>";
		};
		501F8A471524BDC50058809B /* Supporting Files */ = {
			isa = PBXGroup;
			children = (
				501F8A481524BDC50058809B /* DTCoreTextExperiments-Info.plist */,
				501F8A491524BDC50058809B /* InfoPlist.strings */,
				501F8A4C1524BDC50058809B /* main.m */,
				501F8A4E1524BDC50058809B /* DTCoreTextExperiments-Prefix.pch */,
			);
			name = "Supporting Files";
			sourceTree = "<group>";
		};
/* End PBXGroup section */

/* Begin PBXNativeTarget section */
		501F8A3B1524BDC50058809B /* DTCoreTextExperiments */ = {
			isa = PBXNativeTarget;
			buildConfigurationList = 501F8A541524BDC50058809B /* Build configuration list for PBXNativeTarget "DTCoreTextExperiments" */;
			buildPhases = (
				501F8A381524BDC50058809B /* Sources */,
				501F8A391524BDC50058809B /* Frameworks */,
				501F8A3A1524BDC50058809B /* Resources */,
			);
			buildRules = (
			);
			dependencies = (
			);
			name = DTCoreTextExperiments;
			productName = DTCoreTextExperiments;
			productReference = 501F8A3C1524BDC50058809B /* DTCoreTextExperiments.app */;
			productType = "com.apple.product-type.application";
		};
/* End PBXNativeTarget section */

/* Begin PBXProject section */
		501F8A331524BDC50058809B /* Project object */ = {
			isa = PBXProject;
			attributes = {
				CLASSPREFIX = AD;
				LastUpgradeCheck = 0430;
			};
			buildConfigurationList = 501F8A361524BDC50058809B /* Build configuration list for PBXProject "DTCoreTextExperiments" */;
			compatibilityVersion = "Xcode 3.2";
			developmentRegion = English;
			hasScannedForEncodings = 0;
			knownRegions = (
				en,
			);
			mainGroup = 501F8A311524BDC50058809B;
			productRefGroup = 501F8A3D1524BDC50058809B /* Products */;
			projectDirPath = "";
			projectRoot = "";
			targets = (
				501F8A3B1524BDC50058809B /* DTCoreTextExperiments */,
			);
		};
/* End PBXProject section */

/* Begin PBXResourcesBuildPhase section */
		501F8A3A1524BDC50058809B /* Resources */ = {
			isa = PBXResourcesBuildPhase;
			buildActionMask = 2147483647;
			files = (
				501F8A4B1524BDC50058809B /* InfoPlist.strings in Resources */,
			);
			runOnlyForDeploymentPostprocessing = 0;
		};
/* End PBXResourcesBuildPhase section */

/* Begin PBXSourcesBuildPhase section */
		501F8A381524BDC50058809B /* Sources */ = {
			isa = PBXSourcesBuildPhase;
			buildActionMask = 2147483647;
			files = (
				501F8A4D1524BDC50058809B /* main.m in Sources */,
				501F8A511524BDC50058809B /* ADAppDelegate.m in Sources */,
			);
			runOnlyForDeploymentPostprocessing = 0;
		};
/* End PBXSourcesBuildPhase section */

/* Begin PBXVariantGroup section */
		501F8A491524BDC50058809B /* InfoPlist.strings */ = {
			isa = PBXVariantGroup;
			children = (
				501F8A4A1524BDC50058809B /* en */,
			);
			name = InfoPlist.strings;
			sourceTree = "<group>";
		};
/* End PBXVariantGroup section */

/* Begin XCBuildConfiguration section */
		501F8A521524BDC50058809B /* Debug */ = {
			isa = XCBuildConfiguration;
			buildSettings = {
				ALWAYS_SEARCH_USER_PATHS = NO;
				ARCHS = "$(ARCHS_STANDARD_32_BIT)";
				CLANG_ENABLE_OBJC_ARC = YES;
				"CODE_SIGN_IDENTITY[sdk=iphoneos*]" = "iPhone Developer";
				COPY_PHASE_STRIP = NO;
				GCC_C_LANGUAGE_STANDARD = gnu99;
				GCC_DYNAMIC_NO_PIC = NO;
				GCC_OPTIMIZATION_LEVEL = 0;
				GCC_PREPROCESSOR_DEFINITIONS = (
					"DEBUG=1",
					"$(inherited)",
				);
				GCC_SYMBOLS_PRIVATE_EXTERN = NO;
				GCC_VERSION = com.apple.compilers.llvm.clang.1_0;
				GCC_WARN_ABOUT_RETURN_TYPE = YES;
				GCC_WARN_UNINITIALIZED_AUTOS = YES;
				GCC_WARN_UNUSED_VARIABLE = YES;
				IPHONEOS_DEPLOYMENT_TARGET = 5.1;
				SDKROOT = iphoneos;
			};
			name = Debug;
		};
		501F8A531524BDC50058809B /* Release */ = {
			isa = XCBuildConfiguration;
			buildSettings = {
				ALWAYS_SEARCH_USER_PATHS = NO;
				ARCHS = "$(ARCHS_STANDARD_32_BIT)";
				CLANG_ENABLE_OBJC_ARC = YES;
				"CODE_SIGN_IDENTITY[sdk=iphoneos*]" = "iPhone Developer";
				COPY_PHASE_STRIP = YES;
				GCC_C_LANGUAGE_STANDARD = gnu99;
				GCC_VERSION = com.apple.compilers.llvm.clang.1_0;
				GCC_WARN_ABOUT_RETURN_TYPE = YES;
				GCC_WARN_UNINITIALIZED_AUTOS = YES;
				GCC_WARN_UNUSED_VARIABLE = YES;
				IPHONEOS_DEPLOYMENT_TARGET = 5.1;
				OTHER_CFLAGS = "-DNS_BLOCK_ASSERTIONS=1";
				SDKROOT = iphoneos;
				VALIDATE_PRODUCT = YES;
			};
			name = Release;
		};
		501F8A551524BDC50058809B /* Debug */ = {
			isa = XCBuildConfiguration;
			buildSettings = {
				GCC_PRECOMPILE_PREFIX_HEADER = YES;
				GCC_PREFIX_HEADER = "DTCoreTextExperiments/DTCoreTextExperiments-Prefix.pch";
				INFOPLIST_FILE = "DTCoreTextExperiments/DTCoreTextExperiments-Info.plist";
				PRODUCT_NAME = "$(TARGET_NAME)";
				WRAPPER_EXTENSION = app;
			};
			name = Debug;
		};
		501F8A561524BDC50058809B /* Release */ = {
			isa = XCBuildConfiguration;
			buildSettings = {
				GCC_PRECOMPILE_PREFIX_HEADER = YES;
				GCC_PREFIX_HEADER = "DTCoreTextExperiments/DTCoreTextExperiments-Prefix.pch";
				INFOPLIST_FILE = "DTCoreTextExperiments/DTCoreTextExperiments-Info.plist";
				PRODUCT_NAME = "$(TARGET_NAME)";
				WRAPPER_EXTENSION = app;
			};
			name = Release;
		};
/* End XCBuildConfiguration section */

/* Begin XCConfigurationList section */
		501F8A361524BDC50058809B /* Build configuration list for PBXProject "DTCoreTextExperiments" */ = {
			isa = XCConfigurationList;
			buildConfigurations = (
				501F8A521524BDC50058809B /* Debug */,
				501F8A531524BDC50058809B /* Release */,
			);
			defaultConfigurationIsVisible = 0;
			defaultConfigurationName = Release;
		};
		501F8A541524BDC50058809B /* Build configuration list for PBXNativeTarget "DTCoreTextExperiments" */ = {
			isa = XCConfigurationList;
			buildConfigurations = (
				501F8A551524BDC50058809B /* Debug */,
				501F8A561524BDC50058809B /* Release */,
			);
			defaultConfigurationIsVisible = 0;
		};
/* End XCConfigurationList section */
	};
	rootObject = 501F8A331524BDC50058809B /* Project object */;
}
